
Microsoft Visual Studio Solution File, Format Version 12.00
# Visual Studio 2012
Project("{8BC9CEB8-8B4A-11D0-8D11-00A0C91BC942}") = "Factory", "Factory.vcxproj", "{4913E303-3F7E-3D68-0894-0A292081185F}"
EndProject
Project("{8BC9CEB8-8B4A-11D0-8D11-00A0C91BC942}") = "SimRobotCore2", "SimRobotCore2.vcxproj", "{065C74ED-704C-B018-E90B-FE20FCCBCE82}"
EndProject
Project("{8BC9CEB8-8B4A-11D0-8D11-00A0C91BC942}") = "SimpleVehicle", "SimpleVehicle.vcxproj", "{87780203-8A05-A66C-0831-6F2990E1855F}"
EndProject
Project("{8BC9CEB8-8B4A-11D0-8D11-00A0C91BC942}") = "SimRobotEditor", "SimRobotEditor.vcxproj", "{6174869F-5664-5EC7-13B6-9A21083D7DA1}"
EndProject
Project("{8BC9CEB8-8B4A-11D0-8D11-00A0C91BC942}") = "SimRobot", "SimRobot.vcxproj", "{1D82B150-D807-0EE7-6E24-8B3E2868D2DA}"
	ProjectSection(ProjectDependencies) = postProject
		{87780203-8A05-A66C-0831-6F2990E1855F} = {87780203-8A05-A66C-0831-6F2990E1855F}
		{4913E303-3F7E-3D68-0894-0A292081185F} = {4913E303-3F7E-3D68-0894-0A292081185F}
	EndProjectSection
EndProject
Project("{8BC9CEB8-8B4A-11D0-8D11-00A0C91BC942}") = "SimRobotHelp", "SimRobotHelp.vcxproj", "{15AF4618-3CF8-AA55-CD1C-D8F759E7F035}"
EndProject
Project("{2150E333-8FDC-42A3-9474-1A3956D46DE8}") = "Modules", "Modules", "{4F130203-3F05-3D69-0831-7D292076185F}"
EndProject
Project("{2150E333-8FDC-42A3-9474-1A3956D46DE8}") = "Controllers", "Controllers", "{46130277-8E6A-3D07-E631-0AF4200D8B5F}"
EndProject
Global
	GlobalSection(SolutionConfigurationPlatforms) = preSolution
		Debug|Win32 = Debug|Win32
		Release|Win32 = Release|Win32
	EndGlobalSection
	GlobalSection(ProjectConfigurationPlatforms) = postSolution
		{4913E303-3F7E-3D68-0894-0A292081185F}.Debug|Win32.ActiveCfg = Debug|Win32
		{4913E303-3F7E-3D68-0894-0A292081185F}.Debug|Win32.Build.0 = Debug|Win32
		{4913E303-3F7E-3D68-0894-0A292081185F}.Release|Win32.ActiveCfg = Release|Win32
		{4913E303-3F7E-3D68-0894-0A292081185F}.Release|Win32.Build.0 = Release|Win32
		{065C74ED-704C-B018-E90B-FE20FCCBCE82}.Debug|Win32.ActiveCfg = Debug|Win32
		{065C74ED-704C-B018-E90B-FE20FCCBCE82}.Debug|Win32.Build.0 = Debug|Win32
		{065C74ED-704C-B018-E90B-FE20FCCBCE82}.Release|Win32.ActiveCfg = Release|Win32
		{065C74ED-704C-B018-E90B-FE20FCCBCE82}.Release|Win32.Build.0 = Release|Win32
		{87780203-8A05-A66C-0831-6F2990E1855F}.Debug|Win32.ActiveCfg = Debug|Win32
		{87780203-8A05-A66C-0831-6F2990E1855F}.Debug|Win32.Build.0 = Debug|Win32
		{87780203-8A05-A66C-0831-6F2990E1855F}.Release|Win32.ActiveCfg = Release|Win32
		{87780203-8A05-A66C-0831-6F2990E1855F}.Release|Win32.Build.0 = Release|Win32
		{6174869F-5664-5EC7-13B6-9A21083D7DA1}.Debug|Win32.ActiveCfg = Debug|Win32
		{6174869F-5664-5EC7-13B6-9A21083D7DA1}.Debug|Win32.Build.0 = Debug|Win32
		{6174869F-5664-5EC7-13B6-9A21083D7DA1}.Release|Win32.ActiveCfg = Release|Win32
		{6174869F-5664-5EC7-13B6-9A21083D7DA1}.Release|Win32.Build.0 = Release|Win32
		{1D82B150-D807-0EE7-6E24-8B3E2868D2DA}.Debug|Win32.ActiveCfg = Debug|Win32
		{1D82B150-D807-0EE7-6E24-8B3E2868D2DA}.Debug|Win32.Build.0 = Debug|Win32
		{1D82B150-D807-0EE7-6E24-8B3E2868D2DA}.Release|Win32.ActiveCfg = Release|Win32
		{1D82B150-D807-0EE7-6E24-8B3E2868D2DA}.Release|Win32.Build.0 = Release|Win32
		{15AF4618-3CF8-AA55-CD1C-D8F759E7F035}.Debug|Win32.ActiveCfg = Debug|Win32
		{15AF4618-3CF8-AA55-CD1C-D8F759E7F035}.Debug|Win32.Build.0 = Debug|Win32
		{15AF4618-3CF8-AA55-CD1C-D8F759E7F035}.Release|Win32.ActiveCfg = Release|Win32
		{15AF4618-3CF8-AA55-CD1C-D8F759E7F035}.Release|Win32.Build.0 = Release|Win32
	EndGlobalSection
	GlobalSection(SolutionProperties) = preSolution
		HideSolutionNode = FALSE
	EndGlobalSection
	GlobalSection(NestedProjects) = preSolution
		{87780203-8A05-A66C-0831-6F2990E1855F} = {46130277-8E6A-3D07-E631-0AF4200D8B5F}
		{4913E303-3F7E-3D68-0894-0A292081185F} = {46130277-8E6A-3D07-E631-0AF4200D8B5F}
		{6174869F-5664-5EC7-13B6-9A21083D7DA1} = {4F130203-3F05-3D69-0831-7D292076185F}
		{15AF4618-3CF8-AA55-CD1C-D8F759E7F035} = {4F130203-3F05-3D69-0831-7D292076185F}
		{065C74ED-704C-B018-E90B-FE20FCCBCE82} = {4F130203-3F05-3D69-0831-7D292076185F}
	EndGlobalSection
EndGlobal
